// !$*UTF8*$!
{ archiveVersion = 1; classes = {}; objectVersion = 56; objects = {
556E4DD1C7EBF4BBFDDAA907 = { isa = PBXFileReference; lastKnownFileType = sourcecode.swift; path = "App/DemoDiagnostics.swift"; sourceTree = SOURCE_ROOT; };
43DBC41B420C30E7AF1F03A3 = { isa = PBXBuildFile; fileRef = 556E4DD1C7EBF4BBFDDAA907; };
21D5CC285A79F29E466CF8A8 = { isa = PBXFileReference; lastKnownFileType = sourcecode.swift; path = "App/DemoRootView.swift"; sourceTree = SOURCE_ROOT; };
37F69DCC3FE3B41B350B5E37 = { isa = PBXBuildFile; fileRef = 21D5CC285A79F29E466CF8A8; };
47812DD81526B96F93C222EC = { isa = PBXFileReference; lastKnownFileType = sourcecode.swift; path = "App/DemoStore.swift"; sourceTree = SOURCE_ROOT; };
58A1F38AB862579736CFA24E = { isa = PBXBuildFile; fileRef = 47812DD81526B96F93C222EC; };
1CBC314B643CCACDF5220213 = { isa = PBXFileReference; lastKnownFileType = sourcecode.swift; path = "App/Features/AuthenticationView.swift"; sourceTree = SOURCE_ROOT; };
0F4C165868C1688FD6885ED7 = { isa = PBXBuildFile; fileRef = 1CBC314B643CCACDF5220213; };
EAE79C02D4ADEB54B18993D2 = { isa = PBXFileReference; lastKnownFileType = sourcecode.swift; path = "App/Features/CatalogView.swift"; sourceTree = SOURCE_ROOT; };
1F91662BD2EB3D9C25F0290E = { isa = PBXBuildFile; fileRef = EAE79C02D4ADEB54B18993D2; };
1849970FC621CA1F2075FF8E = { isa = PBXFileReference; lastKnownFileType = sourcecode.swift; path = "App/Features/ManualView.swift"; sourceTree = SOURCE_ROOT; };
4E2A3A52C05292202409C2FA = { isa = PBXBuildFile; fileRef = 1849970FC621CA1F2075FF8E; };
E218D9ECA89366A4993FD76C = { isa = PBXFileReference; lastKnownFileType = sourcecode.swift; path = "App/Features/QueryViews.swift"; sourceTree = SOURCE_ROOT; };
2819AFB357A3E261B7E705A5 = { isa = PBXBuildFile; fileRef = E218D9ECA89366A4993FD76C; };
F79F06135DCE29519D9FA02B = { isa = PBXFileReference; lastKnownFileType = sourcecode.swift; path = "App/FixtureTransport.swift"; sourceTree = SOURCE_ROOT; };
BDBEC78C2EC510A42981677B = { isa = PBXBuildFile; fileRef = F79F06135DCE29519D9FA02B; };
67FA4A1E3EF99A2508F44EB2 = { isa = PBXFileReference; lastKnownFileType = sourcecode.swift; path = "App/IntCopilotDemoApp.swift"; sourceTree = SOURCE_ROOT; };
D6D24C30632D07C05DD4B6F8 = { isa = PBXBuildFile; fileRef = 67FA4A1E3EF99A2508F44EB2; };
A077673D2213147CEBCB92A1 = { isa = PBXFileReference; lastKnownFileType = sourcecode.swift; path = "App/JSONInspector.swift"; sourceTree = SOURCE_ROOT; };
E3C094077BA01FBB1ED9DD8F = { isa = PBXBuildFile; fileRef = A077673D2213147CEBCB92A1; };
488381D8E52FCF5A02DAC799 = { isa = PBXFileReference; lastKnownFileType = sourcecode.swift; path = "App/LabComponents.swift"; sourceTree = SOURCE_ROOT; };
E13EA898CD27DB0A2E881CA1 = { isa = PBXBuildFile; fileRef = 488381D8E52FCF5A02DAC799; };
5FF5B89AA1BC4EBE8A0B4A13 = { isa = PBXFileReference; lastKnownFileType = sourcecode.swift; path = "App/Queries.swift"; sourceTree = SOURCE_ROOT; };
F6326C8F17E624839BBB3306 = { isa = PBXBuildFile; fileRef = 5FF5B89AA1BC4EBE8A0B4A13; };
4759C11FA8C1D2CAB01A03D5 = { isa = PBXFileReference; lastKnownFileType = sourcecode.swift; path = "Support/GuardedTransport.swift"; sourceTree = SOURCE_ROOT; };
38834DA9295BB1C5F33476B1 = { isa = PBXBuildFile; fileRef = 4759C11FA8C1D2CAB01A03D5; };
8C0636E704D4922D136ED3AA = { isa = PBXFileReference; lastKnownFileType = sourcecode.swift; path = "Support/QueryPlanning.swift"; sourceTree = SOURCE_ROOT; };
B6B3E7F5647C57D3C8F9F833 = { isa = PBXBuildFile; fileRef = 8C0636E704D4922D136ED3AA; };
15848D497B195CC340C4A88C = { isa = PBXFileReference; lastKnownFileType = text.json; path = "App/Resources/FieldCatalog.json"; sourceTree = SOURCE_ROOT; };
2D488D3D175B340F38E34F6E = { isa = PBXBuildFile; fileRef = 15848D497B195CC340C4A88C; };
555D10C831DD46A44CB378E9 = { isa = PBXFileReference; lastKnownFileType = folder; path = "App/Resources/Fixtures"; sourceTree = SOURCE_ROOT; };
08EDDC8D319087D6D02D910D = { isa = PBXBuildFile; fileRef = 555D10C831DD46A44CB378E9; };
A8792157CB4F27FB949C035F = { isa = PBXFileReference; explicitFileType = wrapper.application; includeInIndex = 0; path = IntCopilotDemo.app; sourceTree = BUILT_PRODUCTS_DIR; };
0A3E27B8CA818264D75C8D81 = { isa = PBXGroup; children = (A8792157CB4F27FB949C035F,); name = Products; sourceTree = "<group>"; };
AD936FCBED631FA67E05C3EA = { isa = PBXGroup; children = (556E4DD1C7EBF4BBFDDAA907,21D5CC285A79F29E466CF8A8,47812DD81526B96F93C222EC,1CBC314B643CCACDF5220213,EAE79C02D4ADEB54B18993D2,1849970FC621CA1F2075FF8E,E218D9ECA89366A4993FD76C,F79F06135DCE29519D9FA02B,67FA4A1E3EF99A2508F44EB2,A077673D2213147CEBCB92A1,488381D8E52FCF5A02DAC799,5FF5B89AA1BC4EBE8A0B4A13,4759C11FA8C1D2CAB01A03D5,8C0636E704D4922D136ED3AA,15848D497B195CC340C4A88C,555D10C831DD46A44CB378E9,0A3E27B8CA818264D75C8D81,); sourceTree = "<group>"; };
BC4A71180870F7945155FBB0 = { isa = XCLocalSwiftPackageReference; relativePath = "../.."; };
F26350DAFE3F19AABFD69AC4 = { isa = XCSwiftPackageProductDependency; productName = "IntCopilot.Core"; };
06A61DF042AD775E8BDD2766 = { isa = PBXBuildFile; productRef = F26350DAFE3F19AABFD69AC4; };
878A52FC5FF6A57D50B7B870 = { isa = PBXSourcesBuildPhase; buildActionMask = 2147483647; files = (43DBC41B420C30E7AF1F03A3,37F69DCC3FE3B41B350B5E37,58A1F38AB862579736CFA24E,0F4C165868C1688FD6885ED7,1F91662BD2EB3D9C25F0290E,4E2A3A52C05292202409C2FA,2819AFB357A3E261B7E705A5,BDBEC78C2EC510A42981677B,D6D24C30632D07C05DD4B6F8,E3C094077BA01FBB1ED9DD8F,E13EA898CD27DB0A2E881CA1,F6326C8F17E624839BBB3306,38834DA9295BB1C5F33476B1,B6B3E7F5647C57D3C8F9F833,); runOnlyForDeploymentPostprocessing = 0; };
41D311A605520FC7B8B9A980 = { isa = PBXResourcesBuildPhase; buildActionMask = 2147483647; files = (2D488D3D175B340F38E34F6E,08EDDC8D319087D6D02D910D,); runOnlyForDeploymentPostprocessing = 0; };
E2AA269EB967A8853A258BFA = { isa = PBXFrameworksBuildPhase; buildActionMask = 2147483647; files = (06A61DF042AD775E8BDD2766,); runOnlyForDeploymentPostprocessing = 0; };
1F14D62AEF4518CE7AC9123C = { isa = XCBuildConfiguration; buildSettings = {PRODUCT_BUNDLE_IDENTIFIER = "cn.intcopilot.demo"; PRODUCT_NAME = "IntCopilotDemo"; SWIFT_VERSION = "6.0"; SWIFT_STRICT_CONCURRENCY = "complete"; MACOSX_DEPLOYMENT_TARGET = "13.0"; IPHONEOS_DEPLOYMENT_TARGET = "16.0"; SUPPORTED_PLATFORMS = "macosx iphoneos iphonesimulator"; SUPPORTS_MACCATALYST = "YES"; TARGETED_DEVICE_FAMILY = "1,2"; GENERATE_INFOPLIST_FILE = "YES"; INFOPLIST_KEY_CFBundleDisplayName = "IntCopilot Demo"; INFOPLIST_KEY_LSApplicationCategoryType = "public.app-category.developer-tools"; INFOPLIST_KEY_UIApplicationSceneManifest_Generation = "YES"; INFOPLIST_KEY_UILaunchScreen_Generation = "YES"; CODE_SIGN_STYLE = "Automatic"; ENABLE_APP_SANDBOX = "YES"; ENABLE_OUTGOING_NETWORK_CONNECTIONS = "YES"; SWIFT_OPTIMIZATION_LEVEL = "-Onone"; SWIFT_ACTIVE_COMPILATION_CONDITIONS = "DEBUG"; MARKETING_VERSION = "0.1.0"; CURRENT_PROJECT_VERSION = "1";}; name = Debug; };
36E09044EB74C5F86A0D3524 = { isa = XCBuildConfiguration; buildSettings = { CLANG_ENABLE_MODULES = YES; ONLY_ACTIVE_ARCH = YES; }; name = Debug; };
57921FA43AD736EA8673ED95 = { isa = XCBuildConfiguration; buildSettings = {PRODUCT_BUNDLE_IDENTIFIER = "cn.intcopilot.demo"; PRODUCT_NAME = "IntCopilotDemo"; SWIFT_VERSION = "6.0"; SWIFT_STRICT_CONCURRENCY = "complete"; MACOSX_DEPLOYMENT_TARGET = "13.0"; IPHONEOS_DEPLOYMENT_TARGET = "16.0"; SUPPORTED_PLATFORMS = "macosx iphoneos iphonesimulator"; SUPPORTS_MACCATALYST = "YES"; TARGETED_DEVICE_FAMILY = "1,2"; GENERATE_INFOPLIST_FILE = "YES"; INFOPLIST_KEY_CFBundleDisplayName = "IntCopilot Demo"; INFOPLIST_KEY_LSApplicationCategoryType = "public.app-category.developer-tools"; INFOPLIST_KEY_UIApplicationSceneManifest_Generation = "YES"; INFOPLIST_KEY_UILaunchScreen_Generation = "YES"; CODE_SIGN_STYLE = "Automatic"; ENABLE_APP_SANDBOX = "YES"; ENABLE_OUTGOING_NETWORK_CONNECTIONS = "YES"; SWIFT_OPTIMIZATION_LEVEL = "-O"; SWIFT_ACTIVE_COMPILATION_CONDITIONS = ""; MARKETING_VERSION = "0.1.0"; CURRENT_PROJECT_VERSION = "1";}; name = Release; };
31B6EB966514AB74B82E9B7C = { isa = XCBuildConfiguration; buildSettings = { CLANG_ENABLE_MODULES = YES; ONLY_ACTIVE_ARCH = NO; }; name = Release; };
CFC84216817A71A1B81E350C = { isa = XCConfigurationList; buildConfigurations = (1F14D62AEF4518CE7AC9123C,57921FA43AD736EA8673ED95,); defaultConfigurationIsVisible = 0; defaultConfigurationName = Release; };
E9F5D99654494CA1062B4128 = { isa = XCConfigurationList; buildConfigurations = (36E09044EB74C5F86A0D3524,31B6EB966514AB74B82E9B7C,); defaultConfigurationIsVisible = 0; defaultConfigurationName = Release; };
34A04005BCAF206EEC990BD9 = { isa = PBXNativeTarget; buildConfigurationList = CFC84216817A71A1B81E350C; buildPhases = (878A52FC5FF6A57D50B7B870,E2AA269EB967A8853A258BFA,41D311A605520FC7B8B9A980,); buildRules = (); dependencies = (); name = IntCopilotDemo; packageProductDependencies = (F26350DAFE3F19AABFD69AC4,); productName = IntCopilotDemo; productReference = A8792157CB4F27FB949C035F; productType = "com.apple.product-type.application"; };
244210E48437B6556980A702 = { isa = PBXProject; attributes = { BuildIndependentTargetsInParallel = YES; LastUpgradeCheck = 2700; }; buildConfigurationList = E9F5D99654494CA1062B4128; compatibilityVersion = "Xcode 14.0"; developmentRegion = en; knownRegions = (en, Base); mainGroup = AD936FCBED631FA67E05C3EA; productRefGroup = 0A3E27B8CA818264D75C8D81; projectDirPath = ""; projectRoot = ""; packageReferences = (BC4A71180870F7945155FBB0,); targets = (34A04005BCAF206EEC990BD9,); };
}; rootObject = 244210E48437B6556980A702; }
